dependencies:
- name: kube-state-metrics
  repository: https://prometheus-community.github.io/helm-charts
  version: 4.24.0
- name: prometheus-node-exporter
  repository: https://prometheus-community.github.io/helm-charts
  version: 4.8.0
- name: prometheus-pushgateway
  repository: https://prometheus-community.github.io/helm-charts
  version: 1.21.1
- name: alertmanager
  repository: https://prometheus-community.github.io/helm-charts
  version: 0.22.0
digest: sha256:ccbba8a4c6822c1f501c165e287c50e59925c45a45f0a2c250ea57c3c5c43c13
generated: "2022-12-01T17:56:24.690467119Z"
